
Microsoft Visual Studio Solution File, Format Version 12.00
# Visual Studio Version 16
VisualStudioVersion = 16.0.31025.194
MinimumVisualStudioVersion = 10.0.40219.1
Project("{FAE04EC0-301F-11D3-BF4B-00C04F79EFBC}") = "DayInNewCityApp", "DayInNewCityApp\DayInNewCityApp.csproj", "{4436DCBD-1F44-4DE6-ABD7-FF6982B6B503}"
EndProject
Global
	GlobalSection(SolutionConfigurationPlatforms) = preSolution
		Debug|Any CPU = Debug|Any CPU
		Release|Any CPU = Release|Any CPU
	EndGlobalSection
	GlobalSection(ProjectConfigurationPlatforms) = postSolution
		{4436DCBD-1F44-4DE6-ABD7-FF6982B6B503}.Debug|Any CPU.ActiveCfg = Debug|Any CPU
		{4436DCBD-1F44-4DE6-ABD7-FF6982B6B503}.Debug|Any CPU.Build.0 = Debug|Any CPU
		{4436DCBD-1F44-4DE6-ABD7-FF6982B6B503}.Release|Any CPU.ActiveCfg = Release|Any CPU
		{4436DCBD-1F44-4DE6-ABD7-FF6982B6B503}.Release|Any CPU.Build.0 = Release|Any CPU
	EndGlobalSection
	GlobalSection(SolutionProperties) = preSolution
		HideSolutionNode = FALSE
	EndGlobalSection
	GlobalSection(ExtensibilityGlobals) = postSolution
		SolutionGuid = {EADE340F-A2B6-4257-A6D5-C09DE1A27B3E}
	EndGlobalSection
EndGlobal
